
Microsoft Visual Studio Solution File, Format Version 12.00
# Visual Studio Version 17
VisualStudioVersion = 17.1.31903.286
MinimumVisualStudioVersion = 10.0.40219.1
Project("{2150E333-8FDC-42A3-9474-1A3956D46DE8}") = "src", "src", "{E908BC7F-91AC-4D75-A06A-97E05E765C17}"
EndProject
Project("{2150E333-8FDC-42A3-9474-1A3956D46DE8}") = "samples", "samples", "{20B3ED9E-B5FB-47A8-B24E-9EED821AEBE3}"
EndProject
Project("{9A19103F-16F7-4668-BE54-9A1E7A4F7556}") = "Orleans.SyncWork.Demo.Api", "samples\Orleans.SyncWork.Demo.Api\Orleans.SyncWork.Demo.Api.csproj", "{2655BC3D-7104-41C1-B19B-22E8DAA8F032}"
EndProject
Project("{9A19103F-16F7-4668-BE54-9A1E7A4F7556}") = "Orleans.SyncWork.Demo.Api.Benchmark", "samples\Orleans.SyncWork.Demo.Api.Benchmark\Orleans.SyncWork.Demo.Api.Benchmark.csproj", "{F3AAFF72-3922-493B-AD5F-BF8B4F7286F7}"
EndProject
Project("{9A19103F-16F7-4668-BE54-9A1E7A4F7556}") = "Orleans.SyncWork", "src\Orleans.SyncWork\Orleans.SyncWork.csproj", "{D3E6A078-CF31-44BD-AA4E-8DDB956882D5}"
EndProject
Project("{2150E333-8FDC-42A3-9474-1A3956D46DE8}") = "test", "test", "{476ED2F0-1D97-425B-B3B7-3AF0961FE4B7}"
EndProject
Project("{FAE04EC0-301F-11D3-BF4B-00C04F79EFBC}") = "Orleans.SyncWork.Tests", "test\Orleans.SyncWork.Tests\Orleans.SyncWork.Tests.csproj", "{45FA9797-D1D9-4DC6-8456-D9B8A9C52102}"
EndProject
Project("{FAE04EC0-301F-11D3-BF4B-00C04F79EFBC}") = "Orleans.SyncWork.Demo.Services", "samples\Orleans.SyncWork.Demo.Services\Orleans.SyncWork.Demo.Services.csproj", "{961EF604-582A-461C-90CE-C7FFE6C40769}"
EndProject
Project("{2150E333-8FDC-42A3-9474-1A3956D46DE8}") = "Misc", "Misc", "{8CC7CA68-C6E7-486A-B972-705CC8A05031}"
	ProjectSection(SolutionItems) = preProject
		Directory.Build.props = Directory.Build.props
		Directory.Packages.props = Directory.Packages.props
	EndProjectSection
EndProject
Global
	GlobalSection(SolutionConfigurationPlatforms) = preSolution
		Debug|Any CPU = Debug|Any CPU
		Release|Any CPU = Release|Any CPU
	EndGlobalSection
	GlobalSection(ProjectConfigurationPlatforms) = postSolution
		{2655BC3D-7104-41C1-B19B-22E8DAA8F032}.Debug|Any CPU.ActiveCfg = Debug|Any CPU
		{2655BC3D-7104-41C1-B19B-22E8DAA8F032}.Debug|Any CPU.Build.0 = Debug|Any CPU
		{2655BC3D-7104-41C1-B19B-22E8DAA8F032}.Release|Any CPU.ActiveCfg = Release|Any CPU
		{2655BC3D-7104-41C1-B19B-22E8DAA8F032}.Release|Any CPU.Build.0 = Release|Any CPU
		{F3AAFF72-3922-493B-AD5F-BF8B4F7286F7}.Debug|Any CPU.ActiveCfg = Debug|Any CPU
		{F3AAFF72-3922-493B-AD5F-BF8B4F7286F7}.Debug|Any CPU.Build.0 = Debug|Any CPU
		{F3AAFF72-3922-493B-AD5F-BF8B4F7286F7}.Release|Any CPU.ActiveCfg = Release|Any CPU
		{F3AAFF72-3922-493B-AD5F-BF8B4F7286F7}.Release|Any CPU.Build.0 = Release|Any CPU
		{D3E6A078-CF31-44BD-AA4E-8DDB956882D5}.Debug|Any CPU.ActiveCfg = Debug|Any CPU
		{D3E6A078-CF31-44BD-AA4E-8DDB956882D5}.Debug|Any CPU.Build.0 = Debug|Any CPU
		{D3E6A078-CF31-44BD-AA4E-8DDB956882D5}.Release|Any CPU.ActiveCfg = Release|Any CPU
		{D3E6A078-CF31-44BD-AA4E-8DDB956882D5}.Release|Any CPU.Build.0 = Release|Any CPU
		{45FA9797-D1D9-4DC6-8456-D9B8A9C52102}.Debug|Any CPU.ActiveCfg = Debug|Any CPU
		{45FA9797-D1D9-4DC6-8456-D9B8A9C52102}.Debug|Any CPU.Build.0 = Debug|Any CPU
		{45FA9797-D1D9-4DC6-8456-D9B8A9C52102}.Release|Any CPU.ActiveCfg = Release|Any CPU
		{45FA9797-D1D9-4DC6-8456-D9B8A9C52102}.Release|Any CPU.Build.0 = Release|Any CPU
		{961EF604-582A-461C-90CE-C7FFE6C40769}.Debug|Any CPU.ActiveCfg = Debug|Any CPU
		{961EF604-582A-461C-90CE-C7FFE6C40769}.Debug|Any CPU.Build.0 = Debug|Any CPU
		{961EF604-582A-461C-90CE-C7FFE6C40769}.Release|Any CPU.ActiveCfg = Release|Any CPU
		{961EF604-582A-461C-90CE-C7FFE6C40769}.Release|Any CPU.Build.0 = Release|Any CPU
	EndGlobalSection
	GlobalSection(SolutionProperties) = preSolution
		HideSolutionNode = FALSE
	EndGlobalSection
	GlobalSection(NestedProjects) = preSolution
		{2655BC3D-7104-41C1-B19B-22E8DAA8F032} = {20B3ED9E-B5FB-47A8-B24E-9EED821AEBE3}
		{F3AAFF72-3922-493B-AD5F-BF8B4F7286F7} = {20B3ED9E-B5FB-47A8-B24E-9EED821AEBE3}
		{D3E6A078-CF31-44BD-AA4E-8DDB956882D5} = {E908BC7F-91AC-4D75-A06A-97E05E765C17}
		{45FA9797-D1D9-4DC6-8456-D9B8A9C52102} = {476ED2F0-1D97-425B-B3B7-3AF0961FE4B7}
		{961EF604-582A-461C-90CE-C7FFE6C40769} = {20B3ED9E-B5FB-47A8-B24E-9EED821AEBE3}
	EndGlobalSection
	GlobalSection(ExtensibilityGlobals) = postSolution
		SolutionGuid = {17BB45B7-AC08-488D-905F-11E706140C72}
	EndGlobalSection
EndGlobal
